// !$*UTF8*$!
{
	archiveVersion = 1;
	classes = {
	};
	objectVersion = 46;
	objects = {

/* Begin PBXBuildFile section */
		D21038DB1638D61000DE1E3B /* GSAppDelegate.m in Sources */ = {isa = PBXBuildFile; fileRef = D21038911638D61000DE1E3B /* GSAppDelegate.m */; };
		D21038DC1638D61000DE1E3B /* GSEnvironment.m in Sources */ = {isa = PBXBuildFile; fileRef = D21038931638D61000DE1E3B /* GSEnvironment.m */; };
		D21038DD1638D61000DE1E3B /* GSMappingProvider.m in Sources */ = {isa = PBXBuildFile; fileRef = D21038961638D61000DE1E3B /* GSMappingProvider.m */; };
		D21038DE1638D61000DE1E3B /* Default-568h@2x.png in Resources */ = {isa = PBXBuildFile; fileRef = D210389B1638D61000DE1E3B /* Default-568h@2x.png */; };
		D21038DF1638D61000DE1E3B /* Default.png in Resources */ = {isa = PBXBuildFile; fileRef = D210389C1638D61000DE1E3B /* Default.png */; };
		D21038E01638D61000DE1E3B /* Default@2x.png in Resources */ = {isa = PBXBuildFile; fileRef = D210389D1638D61000DE1E3B /* Default@2x.png */; };
		D21038E11638D61000DE1E3B /* InfoPlist.strings in Resources */ = {isa = PBXBuildFile; fileRef = D210389F1638D61000DE1E3B /* InfoPlist.strings */; };
		D21038E31638D61000DE1E3B /* main.m in Sources */ = {isa = PBXBuildFile; fileRef = D21038A31638D61000DE1E3B /* main.m */; };
		D21038ED1638D61000DE1E3B /* GSLoginViewController.m in Sources */ = {isa = PBXBuildFile; fileRef = D21038B81638D61000DE1E3B /* GSLoginViewController.m */; };
		D21038F01638D61000DE1E3B /* GSActivity.m in Sources */ = {isa = PBXBuildFile; fileRef = D21038BF1638D61000DE1E3B /* GSActivity.m */; };
		D21038F11638D61000DE1E3B /* GSContact.m in Sources */ = {isa = PBXBuildFile; fileRef = D21038C11638D61000DE1E3B /* GSContact.m */; };
		D21038F21638D61000DE1E3B /* GSGift.m in Sources */ = {isa = PBXBuildFile; fileRef = D21038C31638D61000DE1E3B /* GSGift.m */; };
		D21038F31638D61000DE1E3B /* GSGiftList.m in Sources */ = {isa = PBXBuildFile; fileRef = D21038C51638D61000DE1E3B /* GSGiftList.m */; };
		D21038F41638D61000DE1E3B /* GSUser.m in Sources */ = {isa = PBXBuildFile; fileRef = D21038C71638D61000DE1E3B /* GSUser.m */; };
		D21038F51638D61000DE1E3B /* _GSActivity.m in Sources */ = {isa = PBXBuildFile; fileRef = D21038CA1638D61000DE1E3B /* _GSActivity.m */; };
		D21038F61638D61000DE1E3B /* _GSGift.m in Sources */ = {isa = PBXBuildFile; fileRef = D21038CC1638D61000DE1E3B /* _GSGift.m */; };
		D21038F71638D61000DE1E3B /* _GSGiftList.m in Sources */ = {isa = PBXBuildFile; fileRef = D21038CE1638D61000DE1E3B /* _GSGiftList.m */; };
		D21038F81638D61000DE1E3B /* _GSUser.m in Sources */ = {isa = PBXBuildFile; fileRef = D21038D01638D61000DE1E3B /* _GSUser.m */; };
		D21038F91638D61000DE1E3B /* GSAccountHeaderView.m in Sources */ = {isa = PBXBuildFile; fileRef = D21038D31638D61000DE1E3B /* GSAccountHeaderView.m */; };
		D21038FA1638D61000DE1E3B /* GSAddFriendsViewController.xib in Resources */ = {isa = PBXBuildFile; fileRef = D21038D41638D61000DE1E3B /* GSAddFriendsViewController.xib */; };
		D21038FB1638D61000DE1E3B /* GSAddGiftImageView.m in Sources */ = {isa = PBXBuildFile; fileRef = D21038D61638D61000DE1E3B /* GSAddGiftImageView.m */; };
		D21038FC1638D61000DE1E3B /* GSContactsViewController.xib in Resources */ = {isa = PBXBuildFile; fileRef = D21038D71638D61000DE1E3B /* GSContactsViewController.xib */; };
		D21038FD1638D61000DE1E3B /* GSEmailInviteViewController.xib in Resources */ = {isa = PBXBuildFile; fileRef = D21038D81638D61000DE1E3B /* GSEmailInviteViewController.xib */; };
		D21038FE1638D61000DE1E3B /* GSGiftListView.m in Sources */ = {isa = PBXBuildFile; fileRef = D21038DA1638D61000DE1E3B /* GSGiftListView.m */; };
		D24DAC63163DDE700085AC3E /* SystemConfiguration.framework in Frameworks */ = {isa = PBXBuildFile; fileRef = D24DAC62163DDE700085AC3E /* SystemConfiguration.framework */; };
		D24DAC65163DDEFB0085AC3E /* libz.dylib in Frameworks */ = {isa = PBXBuildFile; fileRef = D24DAC64163DDEFB0085AC3E /* libz.dylib */; };
		D24DAC7F163DE90A0085AC3E /* libSpecta-ios-universal.a in Frameworks */ = {isa = PBXBuildFile; fileRef = D24DAC75163DE90A0085AC3E /* libSpecta-ios-universal.a */; };
		D24DACA1163DE9230085AC3E /* libExpecta-ios-universal.a in Frameworks */ = {isa = PBXBuildFile; fileRef = D24DAC9E163DE9230085AC3E /* libExpecta-ios-universal.a */; };
		D24DACA4163DEBEB0085AC3E /* GSAPIUsersTests.m in Sources */ = {isa = PBXBuildFile; fileRef = D24DACA3163DEBEB0085AC3E /* GSAPIUsersTests.m */; };
		D270ECFC1638DDD4009560AD /* FacebookSDK.framework in Frameworks */ = {isa = PBXBuildFile; fileRef = D270ECFB1638DDD4009560AD /* FacebookSDK.framework */; };
		D270ECFF1638DE18009560AD /* FacebookSDKResources.bundle in Resources */ = {isa = PBXBuildFile; fileRef = D270ECFE1638DE18009560AD /* FacebookSDKResources.bundle */; };
		D270ED011638DE29009560AD /* AdSupport.framework in Frameworks */ = {isa = PBXBuildFile; fileRef = D270ED001638DE29009560AD /* AdSupport.framework */; };
		D270ED031638DE2F009560AD /* Accounts.framework in Frameworks */ = {isa = PBXBuildFile; fileRef = D270ED021638DE2F009560AD /* Accounts.framework */; };
		D270ED051638DE34009560AD /* Social.framework in Frameworks */ = {isa = PBXBuildFile; fileRef = D270ED041638DE34009560AD /* Social.framework */; };
		D270ED071638DEFD009560AD /* CFNetwork.framework in Frameworks */ = {isa = PBXBuildFile; fileRef = D270ED061638DEFD009560AD /* CFNetwork.framework */; };
		D270ED091638DF03009560AD /* MobileCoreServices.framework in Frameworks */ = {isa = PBXBuildFile; fileRef = D270ED081638DF03009560AD /* MobileCoreServices.framework */; };
		D270ED0B1638DF0B009560AD /* Security.framework in Frameworks */ = {isa = PBXBuildFile; fileRef = D270ED0A1638DF0B009560AD /* Security.framework */; };
		D270ED0D1638DF10009560AD /* CoreData.framework in Frameworks */ = {isa = PBXBuildFile; fileRef = D270ED0C1638DF10009560AD /* CoreData.framework */; };
		D270ED221638DF47009560AD /* libRestKit.a in Frameworks */ = {isa = PBXBuildFile; fileRef = D270ED191638DF30009560AD /* libRestKit.a */; };
		D270ED321638E01A009560AD /* GSDataModel.xcdatamodeld in Sources */ = {isa = PBXBuildFile; fileRef = D270ED301638E01A009560AD /* GSDataModel.xcdatamodeld */; };
		D270ED421638F047009560AD /* GSNetworkManager.m in Sources */ = {isa = PBXBuildFile; fileRef = D270ED411638F047009560AD /* GSNetworkManager.m */; };
		D272B78F1638BD5800FF36E4 /* UIKit.framework in Frameworks */ = {isa = PBXBuildFile; fileRef = D272B78E1638BD5800FF36E4 /* UIKit.framework */; };
		D272B7911638BD5800FF36E4 /* Foundation.framework in Frameworks */ = {isa = PBXBuildFile; fileRef = D272B7901638BD5800FF36E4 /* Foundation.framework */; };
		D272B7931638BD5800FF36E4 /* CoreGraphics.framework in Frameworks */ = {isa = PBXBuildFile; fileRef = D272B7921638BD5800FF36E4 /* CoreGraphics.framework */; };
		D272B7AD1638BD5800FF36E4 /* SenTestingKit.framework in Frameworks */ = {isa = PBXBuildFile; fileRef = D272B7AC1638BD5800FF36E4 /* SenTestingKit.framework */; };
		D272B7AE1638BD5800FF36E4 /* UIKit.framework in Frameworks */ = {isa = PBXBuildFile; fileRef = D272B78E1638BD5800FF36E4 /* UIKit.framework */; };
		D272B7AF1638BD5800FF36E4 /* Foundation.framework in Frameworks */ = {isa = PBXBuildFile; fileRef = D272B7901638BD5800FF36E4 /* Foundation.framework */; };
		D29ED9F21638DCB5008FEC6B /* NSData+Base64.m in Sources */ = {isa = PBXBuildFile; fileRef = D29ED9EC1638DCB5008FEC6B /* NSData+Base64.m */; };
		D29ED9F31638DCB5008FEC6B /* libTestFlight.a in Frameworks */ = {isa = PBXBuildFile; fileRef = D29ED9EE1638DCB5008FEC6B /* libTestFlight.a */; };
		D29ED9FC1638DCD1008FEC6B /* IIViewDeckController.m in Sources */ = {isa = PBXBuildFile; fileRef = D29ED9FB1638DCD1008FEC6B /* IIViewDeckController.m */; };
		D29ED9FE1638DCDF008FEC6B /* QuartzCore.framework in Frameworks */ = {isa = PBXBuildFile; fileRef = D29ED9FD1638DCDF008FEC6B /* QuartzCore.framework */; };
		D2ADDD6B163A17A7001DABF7 /* GSHomeViewController.m in Sources */ = {isa = PBXBuildFile; fileRef = D21038B61638D61000DE1E3B /* GSHomeViewController.m */; };
/* End PBXBuildFile section */

/* Begin PBXContainerItemProxy section */
		D270ED181638DF30009560AD /* PBXContainerItemProxy */ = {
			isa = PBXContainerItemProxy;
			containerPortal = D270ED0E1638DF2F009560AD /* RestKit.xcodeproj */;
			proxyType = 2;
			remoteGlobalIDString = 25160D1614564E810060A5C5;
			remoteInfo = RestKit;
		};
		D270ED1A1638DF30009560AD /* PBXContainerItemProxy */ = {
			isa = PBXContainerItemProxy;
			containerPortal = D270ED0E1638DF2F009560AD /* RestKit.xcodeproj */;
			proxyType = 2;
			remoteGlobalIDString = 25160D2614564E820060A5C5;
			remoteInfo = RestKitTests;
		};
		D270ED1C1638DF30009560AD /* PBXContainerItemProxy */ = {
			isa = PBXContainerItemProxy;
			containerPortal = D270ED0E1638DF2F009560AD /* RestKit.xcodeproj */;
			proxyType = 2;
			remoteGlobalIDString = 25160E62145651060060A5C5;
			remoteInfo = RestKitFramework;
		};
		D270ED1E1638DF30009560AD /* PBXContainerItemProxy */ = {
			isa = PBXContainerItemProxy;
			containerPortal = D270ED0E1638DF2F009560AD /* RestKit.xcodeproj */;
			proxyType = 2;
			remoteGlobalIDString = 25160E78145651060060A5C5;
			remoteInfo = RestKitFrameworkTests;
		};
		D270ED201638DF43009560AD /* PBXContainerItemProxy */ = {
			isa = PBXContainerItemProxy;
			containerPortal = D270ED0E1638DF2F009560AD /* RestKit.xcodeproj */;
			proxyType = 1;
			remoteGlobalIDString = 25160D1514564E810060A5C5;
			remoteInfo = RestKit;
		};
		D272B7B01638BD5800FF36E4 /* PBXContainerItemProxy */ = {
			isa = PBXContainerItemProxy;
			containerPortal = D272B7811638BD5800FF36E4 /* Project object */;
			proxyType = 1;
			remoteGlobalIDString = D272B7891638BD5800FF36E4;
			remoteInfo = GivingSocially;
		};
/* End PBXContainerItemProxy section */

/* Begin PBXFileReference section */
		D21038901638D61000DE1E3B /* GSAppDelegate.h */ = {isa = PBXFileReference; fileEncoding = 4; lastKnownFileType = sourcecode.c.h; path = GSAppDelegate.h; sourceTree = "<group>"; };
		D21038911638D61000DE1E3B /* GSAppDelegate.m */ = {isa = PBXFileReference; fileEncoding = 4; lastKnownFileType = sourcecode.c.objc; path = GSAppDelegate.m; sourceTree = "<group>"; };
		D21038921638D61000DE1E3B /* GSEnvironment.h */ = {isa = PBXFileReference; fileEncoding = 4; lastKnownFileType = sourcecode.c.h; path = GSEnvironment.h; sourceTree = "<group>"; };
		D21038931638D61000DE1E3B /* GSEnvironment.m */ = {isa = PBXFileReference; fileEncoding = 4; lastKnownFileType = sourcecode.c.objc; path = GSEnvironment.m; sourceTree = "<group>"; };
		D21038951638D61000DE1E3B /* GSMappingProvider.h */ = {isa = PBXFileReference; fileEncoding = 4; lastKnownFileType = sourcecode.c.h; path = GSMappingProvider.h; sourceTree = "<group>"; };
		D21038961638D61000DE1E3B /* GSMappingProvider.m */ = {isa = PBXFileReference; fileEncoding = 4; lastKnownFileType = sourcecode.c.objc; path = GSMappingProvider.m; sourceTree = "<group>"; };
		D210389B1638D61000DE1E3B /* Default-568h@2x.png */ = {isa = PBXFileReference; lastKnownFileType = image.png; path = "Default-568h@2x.png"; sourceTree = "<group>"; };
		D210389C1638D61000DE1E3B /* Default.png */ = {isa = PBXFileReference; lastKnownFileType = image.png; path = Default.png; sourceTree = "<group>"; };
		D210389D1638D61000DE1E3B /* Default@2x.png */ = {isa = PBXFileReference; lastKnownFileType = image.png; path = "Default@2x.png"; sourceTree = "<group>"; };
		D21038A01638D61000DE1E3B /* en */ = {isa = PBXFileReference; lastKnownFileType = text.plist.strings; name = en; path = en.lproj/InfoPlist.strings; sourceTree = "<group>"; };
		D21038A11638D61000DE1E3B /* GivingSocially-Info.plist */ = {isa = PBXFileReference; fileEncoding = 4; lastKnownFileType = text.plist.xml; path = "GivingSocially-Info.plist"; sourceTree = "<group>"; };
		D21038A21638D61000DE1E3B /* GivingSocially-Prefix.pch */ = {isa = PBXFileReference; fileEncoding = 4; lastKnownFileType = sourcecode.c.h; path = "GivingSocially-Prefix.pch"; sourceTree = "<group>"; };
		D21038A31638D61000DE1E3B /* main.m */ = {isa = PBXFileReference; fileEncoding = 4; lastKnownFileType = sourcecode.c.objc; path = main.m; sourceTree = "<group>"; };
		D21038B51638D61000DE1E3B /* GSHomeViewController.h */ = {isa = PBXFileReference; fileEncoding = 4; lastKnownFileType = sourcecode.c.h; path = GSHomeViewController.h; sourceTree = "<group>"; };
		D21038B61638D61000DE1E3B /* GSHomeViewController.m */ = {isa = PBXFileReference; fileEncoding = 4; lastKnownFileType = sourcecode.c.objc; path = GSHomeViewController.m; sourceTree = "<group>"; };
		D21038B71638D61000DE1E3B /* GSLoginViewController.h */ = {isa = PBXFileReference; fileEncoding = 4; lastKnownFileType = sourcecode.c.h; path = GSLoginViewController.h; sourceTree = "<group>"; };
		D21038B81638D61000DE1E3B /* GSLoginViewController.m */ = {isa = PBXFileReference; fileEncoding = 4; lastKnownFileType = sourcecode.c.objc; path = GSLoginViewController.m; sourceTree = "<group>"; };
		D21038BE1638D61000DE1E3B /* GSActivity.h */ = {isa = PBXFileReference; fileEncoding = 4; lastKnownFileType = sourcecode.c.h; path = GSActivity.h; sourceTree = "<group>"; };
		D21038BF1638D61000DE1E3B /* GSActivity.m */ = {isa = PBXFileReference; fileEncoding = 4; lastKnownFileType = sourcecode.c.objc; path = GSActivity.m; sourceTree = "<group>"; };
		D21038C01638D61000DE1E3B /* GSContact.h */ = {isa = PBXFileReference; fileEncoding = 4; lastKnownFileType = sourcecode.c.h; path = GSContact.h; sourceTree = "<group>"; };
		D21038C11638D61000DE1E3B /* GSContact.m */ = {isa = PBXFileReference; fileEncoding = 4; lastKnownFileType = sourcecode.c.objc; path = GSContact.m; sourceTree = "<group>"; };
		D21038C21638D61000DE1E3B /* GSGift.h */ = {isa = PBXFileReference; fileEncoding = 4; lastKnownFileType = sourcecode.c.h; path = GSGift.h; sourceTree = "<group>"; };
		D21038C31638D61000DE1E3B /* GSGift.m */ = {isa = PBXFileReference; fileEncoding = 4; lastKnownFileType = sourcecode.c.objc; path = GSGift.m; sourceTree = "<group>"; };
		D21038C41638D61000DE1E3B /* GSGiftList.h */ = {isa = PBXFileReference; fileEncoding = 4; lastKnownFileType = sourcecode.c.h; path = GSGiftList.h; sourceTree = "<group>"; };
		D21038C51638D61000DE1E3B /* GSGiftList.m */ = {isa = PBXFileReference; fileEncoding = 4; lastKnownFileType = sourcecode.c.objc; path = GSGiftList.m; sourceTree = "<group>"; };
		D21038C61638D61000DE1E3B /* GSUser.h */ = {isa = PBXFileReference; fileEncoding = 4; lastKnownFileType = sourcecode.c.h; path = GSUser.h; sourceTree = "<group>"; };
		D21038C71638D61000DE1E3B /* GSUser.m */ = {isa = PBXFileReference; fileEncoding = 4; lastKnownFileType = sourcecode.c.objc; path = GSUser.m; sourceTree = "<group>"; };
		D21038C91638D61000DE1E3B /* _GSActivity.h */ = {isa = PBXFileReference; fileEncoding = 4; lastKnownFileType = sourcecode.c.h; path = _GSActivity.h; sourceTree = "<group>"; };
		D21038CA1638D61000DE1E3B /* _GSActivity.m */ = {isa = PBXFileReference; fileEncoding = 4; lastKnownFileType = sourcecode.c.objc; path = _GSActivity.m; sourceTree = "<group>"; };
		D21038CB1638D61000DE1E3B /* _GSGift.h */ = {isa = PBXFileReference; fileEncoding = 4; lastKnownFileType = sourcecode.c.h; path = _GSGift.h; sourceTree = "<group>"; };
		D21038CC1638D61000DE1E3B /* _GSGift.m */ = {isa = PBXFileReference; fileEncoding = 4; lastKnownFileType = sourcecode.c.objc; path = _GSGift.m; sourceTree = "<group>"; };
		D21038CD1638D61000DE1E3B /* _GSGiftList.h */ = {isa = PBXFileReference; fileEncoding = 4; lastKnownFileType = sourcecode.c.h; path = _GSGiftList.h; sourceTree = "<group>"; };
		D21038CE1638D61000DE1E3B /* _GSGiftList.m */ = {isa = PBXFileReference; fileEncoding = 4; lastKnownFileType = sourcecode.c.objc; path = _GSGiftList.m; sourceTree = "<group>"; };
		D21038CF1638D61000DE1E3B /* _GSUser.h */ = {isa = PBXFileReference; fileEncoding = 4; lastKnownFileType = sourcecode.c.h; path = _GSUser.h; sourceTree = "<group>"; };
		D21038D01638D61000DE1E3B /* _GSUser.m */ = {isa = PBXFileReference; fileEncoding = 4; lastKnownFileType = sourcecode.c.objc; path = _GSUser.m; sourceTree = "<group>"; };
		D21038D21638D61000DE1E3B /* GSAccountHeaderView.h */ = {isa = PBXFileReference; fileEncoding = 4; lastKnownFileType = sourcecode.c.h; path = GSAccountHeaderView.h; sourceTree = "<group>"; };
		D21038D31638D61000DE1E3B /* GSAccountHeaderView.m */ = {isa = PBXFileReference; fileEncoding = 4; lastKnownFileType = sourcecode.c.objc; path = GSAccountHeaderView.m; sourceTree = "<group>"; };
		D21038D41638D61000DE1E3B /* GSAddFriendsViewController.xib */ = {isa = PBXFileReference; fileEncoding = 4; lastKnownFileType = file.xib; path = GSAddFriendsViewController.xib; sourceTree = "<group>"; };
		D21038D51638D61000DE1E3B /* GSAddGiftImageView.h */ = {isa = PBXFileReference; fileEncoding = 4; lastKnownFileType = sourcecode.c.h; path = GSAddGiftImageView.h; sourceTree = "<group>"; };
		D21038D61638D61000DE1E3B /* GSAddGiftImageView.m */ = {isa = PBXFileReference; fileEncoding = 4; lastKnownFileType = sourcecode.c.objc; path = GSAddGiftImageView.m; sourceTree = "<group>"; };
		D21038D71638D61000DE1E3B /* GSContactsViewController.xib */ = {isa = PBXFileReference; fileEncoding = 4; lastKnownFileType = file.xib; path = GSContactsViewController.xib; sourceTree = "<group>"; };
		D21038D81638D61000DE1E3B /* GSEmailInviteViewController.xib */ = {isa = PBXFileReference; fileEncoding = 4; lastKnownFileType = file.xib; path = GSEmailInviteViewController.xib; sourceTree = "<group>"; };
		D21038D91638D61000DE1E3B /* GSGiftListView.h */ = {isa = PBXFileReference; fileEncoding = 4; lastKnownFileType = sourcecode.c.h; path = GSGiftListView.h; sourceTree = "<group>"; };
		D21038DA1638D61000DE1E3B /* GSGiftListView.m */ = {isa = PBXFileReference; fileEncoding = 4; lastKnownFileType = sourcecode.c.objc; path = GSGiftListView.m; sourceTree = "<group>"; };
		D21039041638D61D00DE1E3B /* en */ = {isa = PBXFileReference; lastKnownFileType = text.plist.strings; name = en; path = en.lproj/InfoPlist.strings; sourceTree = "<group>"; };
		D21039051638D61D00DE1E3B /* GivingSociallyTests-Info.plist */ = {isa = PBXFileReference; fileEncoding = 4; lastKnownFileType = text.plist.xml; path = "GivingSociallyTests-Info.plist"; sourceTree = "<group>"; };
		D24DAC62163DDE700085AC3E /* SystemConfiguration.framework */ = {isa = PBXFileReference; lastKnownFileType = wrapper.framework; name = SystemConfiguration.framework; path = System/Library/Frameworks/SystemConfiguration.framework; sourceTree = SDKROOT; };
		D24DAC64163DDEFB0085AC3E /* libz.dylib */ = {isa = PBXFileReference; lastKnownFileType = "compiled.mach-o.dylib"; name = libz.dylib; path = usr/lib/libz.dylib; sourceTree = SDKROOT; };
		D24DAC75163DE90A0085AC3E /* libSpecta-ios-universal.a */ = {isa = PBXFileReference; lastKnownFileType = archive.ar; name = "libSpecta-ios-universal.a"; path = "Libraries/Specta/products/libSpecta-ios-universal.a"; sourceTree = "<group>"; };
		D24DAC76163DE90A0085AC3E /* Specta.h */ = {isa = PBXFileReference; fileEncoding = 4; lastKnownFileType = sourcecode.c.h; name = Specta.h; path = Libraries/Specta/products/Specta.h; sourceTree = "<group>"; };
		D24DAC77163DE90A0085AC3E /* SpectaSupport.h */ = {isa = PBXFileReference; fileEncoding = 4; lastKnownFileType = sourcecode.c.h; name = SpectaSupport.h; path = Libraries/Specta/products/SpectaSupport.h; sourceTree = "<group>"; };
		D24DAC78163DE90A0085AC3E /* SpectaTypes.h */ = {isa = PBXFileReference; fileEncoding = 4; lastKnownFileType = sourcecode.c.h; name = SpectaTypes.h; path = Libraries/Specta/products/SpectaTypes.h; sourceTree = "<group>"; };
		D24DAC79163DE90A0085AC3E /* SPTExample.h */ = {isa = PBXFileReference; fileEncoding = 4; lastKnownFileType = sourcecode.c.h; name = SPTExample.h; path = Libraries/Specta/products/SPTExample.h; sourceTree = "<group>"; };
		D24DAC7A163DE90A0085AC3E /* SPTExampleGroup.h */ = {isa = PBXFileReference; fileEncoding = 4; lastKnownFileType = sourcecode.c.h; name = SPTExampleGroup.h; path = Libraries/Specta/products/SPTExampleGroup.h; sourceTree = "<group>"; };
		D24DAC7B163DE90A0085AC3E /* SPTSenTestCase.h */ = {isa = PBXFileReference; fileEncoding = 4; lastKnownFileType = sourcecode.c.h; name = SPTSenTestCase.h; path = Libraries/Specta/products/SPTSenTestCase.h; sourceTree = "<group>"; };
		D24DAC7C163DE90A0085AC3E /* SPTSenTestInvocation.h */ = {isa = PBXFileReference; fileEncoding = 4; lastKnownFileType = sourcecode.c.h; name = SPTSenTestInvocation.h; path = Libraries/Specta/products/SPTSenTestInvocation.h; sourceTree = "<group>"; };
		D24DAC7D163DE90A0085AC3E /* SPTSharedExampleGroups.h */ = {isa = PBXFileReference; fileEncoding = 4; lastKnownFileType = sourcecode.c.h; name = SPTSharedExampleGroups.h; path = Libraries/Specta/products/SPTSharedExampleGroups.h; sourceTree = "<group>"; };
		D24DAC7E163DE90A0085AC3E /* SPTSpec.h */ = {isa = PBXFileReference; fileEncoding = 4; lastKnownFileType = sourcecode.c.h; name = SPTSpec.h; path = Libraries/Specta/products/SPTSpec.h; sourceTree = "<group>"; };
		D24DAC81163DE9230085AC3E /* EXPBackwardCompatibility.h */ = {isa = PBXFileReference; fileEncoding = 4; lastKnownFileType = sourcecode.c.h; name = EXPBackwardCompatibility.h; path = Libraries/Expecta/products/EXPBackwardCompatibility.h; sourceTree = "<group>"; };
		D24DAC82163DE9230085AC3E /* EXPBlockDefinedMatcher.h */ = {isa = PBXFileReference; fileEncoding = 4; lastKnownFileType = sourcecode.c.h; name = EXPBlockDefinedMatcher.h; path = Libraries/Expecta/products/EXPBlockDefinedMatcher.h; sourceTree = "<group>"; };
		D24DAC83163DE9230085AC3E /* EXPDefines.h */ = {isa = PBXFileReference; fileEncoding = 4; lastKnownFileType = sourcecode.c.h; name = EXPDefines.h; path = Libraries/Expecta/products/EXPDefines.h; sourceTree = "<group>"; };
		D24DAC84163DE9230085AC3E /* EXPDoubleTuple.h */ = {isa = PBXFileReference; fileEncoding = 4; lastKnownFileType = sourcecode.c.h; name = EXPDoubleTuple.h; path = Libraries/Expecta/products/EXPDoubleTuple.h; sourceTree = "<group>"; };
		D24DAC85163DE9230085AC3E /* Expecta.h */ = {isa = PBXFileReference; fileEncoding = 4; lastKnownFileType = sourcecode.c.h; name = Expecta.h; path = Libraries/Expecta/products/Expecta.h; sourceTree = "<group>"; };
		D24DAC86163DE9230085AC3E /* ExpectaSupport.h */ = {isa = PBXFileReference; fileEncoding = 4; lastKnownFileType = sourcecode.c.h; name = ExpectaSupport.h; path = Libraries/Expecta/products/ExpectaSupport.h; sourceTree = "<group>"; };
		D24DAC87163DE9230085AC3E /* EXPExpect.h */ = {isa = PBXFileReference; fileEncoding = 4; lastKnownFileType = sourcecode.c.h; name = EXPExpect.h; path = Libraries/Expecta/products/EXPExpect.h; sourceTree = "<group>"; };
		D24DAC88163DE9230085AC3E /* EXPFloatTuple.h */ = {isa = PBXFileReference; fileEncoding = 4; lastKnownFileType = sourcecode.c.h; name = EXPFloatTuple.h; path = Libraries/Expecta/products/EXPFloatTuple.h; sourceTree = "<group>"; };
		D24DAC89163DE9230085AC3E /* EXPMatcher.h */ = {isa = PBXFileReference; fileEncoding = 4; lastKnownFileType = sourcecode.c.h; name = EXPMatcher.h; path = Libraries/Expecta/products/EXPMatcher.h; sourceTree = "<group>"; };
		D24DAC8A163DE9230085AC3E /* EXPMatcherHelpers.h */ = {isa = PBXFileReference; fileEncoding = 4; lastKnownFileType = sourcecode.c.h; name = EXPMatcherHelpers.h; path = Libraries/Expecta/products/EXPMatcherHelpers.h; sourceTree = "<group>"; };
		D24DAC8B163DE9230085AC3E /* EXPMatchers.h */ = {isa = PBXFileReference; fileEncoding = 4; lastKnownFileType = sourcecode.c.h; name = EXPMatchers.h; path = Libraries/Expecta/products/EXPMatchers.h; sourceTree = "<group>"; };
		D24DAC8C163DE9230085AC3E /* EXPMatchers+beCloseTo.h */ = {isa = PBXFileReference; fileEncoding = 4; lastKnownFileType = sourcecode.c.h; name = "EXPMatchers+beCloseTo.h"; path = "Libraries/Expecta/products/EXPMatchers+beCloseTo.h"; sourceTree = "<group>"; };
		D24DAC8D163DE9230085AC3E /* EXPMatchers+beFalsy.h */ = {isa = PBXFileReference; fileEncoding = 4; lastKnownFileType = sourcecode.c.h; name = "EXPMatchers+beFalsy.h"; path = "Libraries/Expecta/products/EXPMatchers+beFalsy.h"; sourceTree = "<group>"; };
		D24DAC8E163DE9230085AC3E /* EXPMatchers+beGreaterThan.h */ = {isa = PBXFileReference; fileEncoding = 4; lastKnownFileType = sourcecode.c.h; name = "EXPMatchers+beGreaterThan.h"; path = "Libraries/Expecta/products/EXPMatchers+beGreaterThan.h"; sourceTree = "<group>"; };
		D24DAC8F163DE9230085AC3E /* EXPMatchers+beGreaterThanOrEqualTo.h */ = {isa = PBXFileReference; fileEncoding = 4; lastKnownFileType = sourcecode.c.h; name = "EXPMatchers+beGreaterThanOrEqualTo.h"; path = "Libraries/Expecta/products/EXPMatchers+beGreaterThanOrEqualTo.h"; sourceTree = "<group>"; };
		D24DAC90163DE9230085AC3E /* EXPMatchers+beIdenticalTo.h */ = {isa = PBXFileReference; fileEncoding = 4; lastKnownFileType = sourcecode.c.h; name = "EXPMatchers+beIdenticalTo.h"; path = "Libraries/Expecta/products/EXPMatchers+beIdenticalTo.h"; sourceTree = "<group>"; };
		D24DAC91163DE9230085AC3E /* EXPMatchers+beInstanceOf.h */ = {isa = PBXFileReference; fileEncoding = 4; lastKnownFileType = sourcecode.c.h; name = "EXPMatchers+beInstanceOf.h"; path = "Libraries/Expecta/products/EXPMatchers+beInstanceOf.h"; sourceTree = "<group>"; };
		D24DAC92163DE9230085AC3E /* EXPMatchers+beInTheRangeOf.h */ = {isa = PBXFileReference; fileEncoding = 4; lastKnownFileType = sourcecode.c.h; name = "EXPMatchers+beInTheRangeOf.h"; path = "Libraries/Expecta/products/EXPMatchers+beInTheRangeOf.h"; sourceTree = "<group>"; };
		D24DAC93163DE9230085AC3E /* EXPMatchers+beKindOf.h */ = {isa = PBXFileReference; fileEncoding = 4; lastKnownFileType = sourcecode.c.h; name = "EXPMatchers+beKindOf.h"; path = "Libraries/Expecta/products/EXPMatchers+beKindOf.h"; sourceTree = "<group>"; };
		D24DAC94163DE9230085AC3E /* EXPMatchers+beLessThan.h */ = {isa = PBXFileReference; fileEncoding = 4; lastKnownFileType = sourcecode.c.h; name = "EXPMatchers+beLessThan.h"; path = "Libraries/Expecta/products/EXPMatchers+beLessThan.h"; sourceTree = "<group>"; };
		D24DAC95163DE9230085AC3E /* EXPMatchers+beLessThanOrEqualTo.h */ = {isa = PBXFileReference; fileEncoding = 4; lastKnownFileType = sourcecode.c.h; name = "EXPMatchers+beLessThanOrEqualTo.h"; path = "Libraries/Expecta/products/EXPMatchers+beLessThanOrEqualTo.h"; sourceTree = "<group>"; };
		D24DAC96163DE9230085AC3E /* EXPMatchers+beNil.h */ = {isa = PBXFileReference; fileEncoding = 4; lastKnownFileType = sourcecode.c.h; name = "EXPMatchers+beNil.h"; path = "Libraries/Expecta/products/EXPMatchers+beNil.h"; sourceTree = "<group>"; };
		D24DAC97163DE9230085AC3E /* EXPMatchers+beSubclassOf.h */ = {isa = PBXFileReference; fileEncoding = 4; lastKnownFileType = sourcecode.c.h; name = "EXPMatchers+beSubclassOf.h"; path = "Libraries/Expecta/products/EXPMatchers+beSubclassOf.h"; sourceTree = "<group>"; };
		D24DAC98163DE9230085AC3E /* EXPMatchers+beTruthy.h */ = {isa = PBXFileReference; fileEncoding = 4; lastKnownFileType = sourcecode.c.h; name = "EXPMatchers+beTruthy.h"; path = "Libraries/Expecta/products/EXPMatchers+beTruthy.h"; sourceTree = "<group>"; };
		D24DAC99163DE9230085AC3E /* EXPMatchers+contain.h */ = {isa = PBXFileReference; fileEncoding = 4; lastKnownFileType = sourcecode.c.h; name = "EXPMatchers+contain.h"; path = "Libraries/Expecta/products/EXPMatchers+contain.h"; sourceTree = "<group>"; };
		D24DAC9A163DE9230085AC3E /* EXPMatchers+equal.h */ = {isa = PBXFileReference; fileEncoding = 4; lastKnownFileType = sourcecode.c.h; name = "EXPMatchers+equal.h"; path = "Libraries/Expecta/products/EXPMatchers+equal.h"; sourceTree = "<group>"; };
		D24DAC9B163DE9230085AC3E /* EXPMatchers+haveCountOf.h */ = {isa = PBXFileReference; fileEncoding = 4; lastKnownFileType = sourcecode.c.h; name = "EXPMatchers+haveCountOf.h"; path = "Libraries/Expecta/products/EXPMatchers+haveCountOf.h"; sourceTree = "<group>"; };
		D24DAC9C163DE9230085AC3E /* EXPMatchers+raise.h */ = {isa = PBXFileReference; fileEncoding = 4; lastKnownFileType = sourcecode.c.h; name = "EXPMatchers+raise.h"; path = "Libraries/Expecta/products/EXPMatchers+raise.h"; sourceTree = "<group>"; };
		D24DAC9D163DE9230085AC3E /* EXPUnsupportedObject.h */ = {isa = PBXFileReference; fileEncoding = 4; lastKnownFileType = sourcecode.c.h; name = EXPUnsupportedObject.h; path = Libraries/Expecta/products/EXPUnsupportedObject.h; sourceTree = "<group>"; };
		D24DAC9E163DE9230085AC3E /* libExpecta-ios-universal.a */ = {isa = PBXFileReference; lastKnownFileType = archive.ar; name = "libExpecta-ios-universal.a"; path = "Libraries/Expecta/products/libExpecta-ios-universal.a"; sourceTree = "<group>"; };
		D24DAC9F163DE9230085AC3E /* NSObject+Expecta.h */ = {isa = PBXFileReference; fileEncoding = 4; lastKnownFileType = sourcecode.c.h; name = "NSObject+Expecta.h"; path = "Libraries/Expecta/products/NSObject+Expecta.h"; sourceTree = "<group>"; };
		D24DACA0163DE9230085AC3E /* NSValue+Expecta.h */ = {isa = PBXFileReference; fileEncoding = 4; lastKnownFileType = sourcecode.c.h; name = "NSValue+Expecta.h"; path = "Libraries/Expecta/products/NSValue+Expecta.h"; sourceTree = "<group>"; };
		D24DACA3163DEBEB0085AC3E /* GSAPIUsersTests.m */ = {isa = PBXFileReference; fileEncoding = 4; lastKnownFileType = sourcecode.c.objc; path = GSAPIUsersTests.m; sourceTree = "<group>"; };
		D270ECFB1638DDD4009560AD /* FacebookSDK.framework */ = {isa = PBXFileReference; lastKnownFileType = wrapper.framework; name = FacebookSDK.framework; path = Libraries/FacebookSDK/build/FacebookSDK.framework; sourceTree = "<group>"; };
		D270ECFE1638DE18009560AD /* FacebookSDKResources.bundle */ = {isa = PBXFileReference; lastKnownFileType = "wrapper.plug-in"; name = FacebookSDKResources.bundle; path = Libraries/FacebookSDK/build/FacebookSDK.framework/Versions/A/Resources/FacebookSDKResources.bundle; sourceTree = "<group>"; };
		D270ED001638DE29009560AD /* AdSupport.framework */ = {isa = PBXFileReference; lastKnownFileType = wrapper.framework; name = AdSupport.framework; path = System/Library/Frameworks/AdSupport.framework; sourceTree = SDKROOT; };
		D270ED021638DE2F009560AD /* Accounts.framework */ = {isa = PBXFileReference; lastKnownFileType = wrapper.framework; name = Accounts.framework; path = System/Library/Frameworks/Accounts.framework; sourceTree = SDKROOT; };
		D270ED041638DE34009560AD /* Social.framework */ = {isa = PBXFileReference; lastKnownFileType = wrapper.framework; name = Social.framework; path = System/Library/Frameworks/Social.framework; sourceTree = SDKROOT; };
		D270ED061638DEFD009560AD /* CFNetwork.framework */ = {isa = PBXFileReference; lastKnownFileType = wrapper.framework; name = CFNetwork.framework; path = System/Library/Frameworks/CFNetwork.framework; sourceTree = SDKROOT; };
		D270ED081638DF03009560AD /* MobileCoreServices.framework */ = {isa = PBXFileReference; lastKnownFileType = wrapper.framework; name = MobileCoreServices.framework; path = System/Library/Frameworks/MobileCoreServices.framework; sourceTree = SDKROOT; };
		D270ED0A1638DF0B009560AD /* Security.framework */ = {isa = PBXFileReference; lastKnownFileType = wrapper.framework; name = Security.framework; path = System/Library/Frameworks/Security.framework; sourceTree = SDKROOT; };
		D270ED0C1638DF10009560AD /* CoreData.framework */ = {isa = PBXFileReference; lastKnownFileType = wrapper.framework; name = CoreData.framework; path = System/Library/Frameworks/CoreData.framework; sourceTree = SDKROOT; };
		D270ED0E1638DF2F009560AD /* RestKit.xcodeproj */ = {isa = PBXFileReference; lastKnownFileType = "wrapper.pb-project"; name = RestKit.xcodeproj; path = Libraries/RestKit/RestKit.xcodeproj; sourceTree = "<group>"; };
		D270ED311638E01A009560AD /* GSDataModel.xcdatamodel */ = {isa = PBXFileReference; lastKnownFileType = wrapper.xcdatamodel; path = GSDataModel.xcdatamodel; sourceTree = "<group>"; };
		D270ED401638F047009560AD /* GSNetworkManager.h */ = {isa = PBXFileReference; fileEncoding = 4; lastKnownFileType = sourcecode.c.h; path = GSNetworkManager.h; sourceTree = "<group>"; };
		D270ED411638F047009560AD /* GSNetworkManager.m */ = {isa = PBXFileReference; fileEncoding = 4; lastKnownFileType = sourcecode.c.objc; path = GSNetworkManager.m; sourceTree = "<group>"; };
		D272B78A1638BD5800FF36E4 /* GivingSocially.app */ = {isa = PBXFileReference; explicitFileType = wrapper.application; includeInIndex = 0; path = GivingSocially.app; sourceTree = BUILT_PRODUCTS_DIR; };
		D272B78E1638BD5800FF36E4 /* UIKit.framework */ = {isa = PBXFileReference; lastKnownFileType = wrapper.framework; name = UIKit.framework; path = System/Library/Frameworks/UIKit.framework; sourceTree = SDKROOT; };
		D272B7901638BD5800FF36E4 /* Foundation.framework */ = {isa = PBXFileReference; lastKnownFileType = wrapper.framework; name = Foundation.framework; path = System/Library/Frameworks/Foundation.framework; sourceTree = SDKROOT; };
		D272B7921638BD5800FF36E4 /* CoreGraphics.framework */ = {isa = PBXFileReference; lastKnownFileType = wrapper.framework; name = CoreGraphics.framework; path = System/Library/Frameworks/CoreGraphics.framework; sourceTree = SDKROOT; };
		D272B7AB1638BD5800FF36E4 /* GivingSociallyTests.octest */ = {isa = PBXFileReference; explicitFileType = wrapper.cfbundle; includeInIndex = 0; path = GivingSociallyTests.octest; sourceTree = BUILT_PRODUCTS_DIR; };
		D272B7AC1638BD5800FF36E4 /* SenTestingKit.framework */ = {isa = PBXFileReference; lastKnownFileType = wrapper.framework; name = SenTestingKit.framework; path = Library/Frameworks/SenTestingKit.framework; sourceTree = DEVELOPER_DIR; };
		D29ED9EB1638DCB5008FEC6B /* NSData+Base64.h */ = {isa = PBXFileReference; fileEncoding = 4; lastKnownFileType = sourcecode.c.h; path = "NSData+Base64.h"; sourceTree = "<group>"; };
		D29ED9EC1638DCB5008FEC6B /* NSData+Base64.m */ = {isa = PBXFileReference; fileEncoding = 4; lastKnownFileType = sourcecode.c.objc; path = "NSData+Base64.m"; sourceTree = "<group>"; };
		D29ED9EE1638DCB5008FEC6B /* libTestFlight.a */ = {isa = PBXFileReference; lastKnownFileType = archive.ar; path = libTestFlight.a; sourceTree = "<group>"; };
		D29ED9F11638DCB5008FEC6B /* TestFlight.h */ = {isa = PBXFileReference; fileEncoding = 4; lastKnownFileType = sourcecode.c.h; path = TestFlight.h; sourceTree = "<group>"; };
		D29ED9FA1638DCD1008FEC6B /* IIViewDeckController.h */ = {isa = PBXFileReference; fileEncoding = 4; lastKnownFileType = sourcecode.c.h; name = IIViewDeckController.h; path = Libraries/ViewDeck/ViewDeck/IIViewDeckController.h; sourceTree = "<group>"; };
		D29ED9FB1638DCD1008FEC6B /* IIViewDeckController.m */ = {isa = PBXFileReference; fileEncoding = 4; lastKnownFileType = sourcecode.c.objc; name = IIViewDeckController.m; path = Libraries/ViewDeck/ViewDeck/IIViewDeckController.m; sourceTree = "<group>"; };
		D29ED9FD1638DCDF008FEC6B /* QuartzCore.framework */ = {isa = PBXFileReference; lastKnownFileType = wrapper.framework; name = QuartzCore.framework; path = System/Library/Frameworks/QuartzCore.framework; sourceTree = SDKROOT; };
		D2A7E9EE163F9992004882C4 /* GSDataModel-001.xcdatamodel */ = {isa = PBXFileReference; lastKnownFileType = wrapper.xcdatamodel; path = "GSDataModel-001.xcdatamodel"; sourceTree = "<group>"; };
/* End PBXFileReference section */

/* Begin PBXFrameworksBuildPhase section */
		D272B7871638BD5800FF36E4 /* Frameworks */ = {
			isa = PBXFrameworksBuildPhase;
			buildActionMask = 2147483647;
			files = (
				D24DAC65163DDEFB0085AC3E /* libz.dylib in Frameworks */,
				D24DAC63163DDE700085AC3E /* SystemConfiguration.framework in Frameworks */,
				D270ED221638DF47009560AD /* libRestKit.a in Frameworks */,
				D270ED0D1638DF10009560AD /* CoreData.framework in Frameworks */,
				D270ED0B1638DF0B009560AD /* Security.framework in Frameworks */,
				D270ED091638DF03009560AD /* MobileCoreServices.framework in Frameworks */,
				D270ED071638DEFD009560AD /* CFNetwork.framework in Frameworks */,
				D270ED051638DE34009560AD /* Social.framework in Frameworks */,
				D270ED031638DE2F009560AD /* Accounts.framework in Frameworks */,
				D270ED011638DE29009560AD /* AdSupport.framework in Frameworks */,
				D29ED9FE1638DCDF008FEC6B /* QuartzCore.framework in Frameworks */,
				D272B78F1638BD5800FF36E4 /* UIKit.framework in Frameworks */,
				D272B7911638BD5800FF36E4 /* Foundation.framework in Frameworks */,
				D272B7931638BD5800FF36E4 /* CoreGraphics.framework in Frameworks */,
				D29ED9F31638DCB5008FEC6B /* libTestFlight.a in Frameworks */,
				D270ECFC1638DDD4009560AD /* FacebookSDK.framework in Frameworks */,
			);
			runOnlyForDeploymentPostprocessing = 0;
		};
		D272B7A71638BD5800FF36E4 /* Frameworks */ = {
			isa = PBXFrameworksBuildPhase;
			buildActionMask = 2147483647;
			files = (
				D272B7AD1638BD5800FF36E4 /* SenTestingKit.framework in Frameworks */,
				D272B7AE1638BD5800FF36E4 /* UIKit.framework in Frameworks */,
				D272B7AF1638BD5800FF36E4 /* Foundation.framework in Frameworks */,
				D24DAC7F163DE90A0085AC3E /* libSpecta-ios-universal.a in Frameworks */,
				D24DACA1163DE9230085AC3E /* libExpecta-ios-universal.a in Frameworks */,
			);
			runOnlyForDeploymentPostprocessing = 0;
		};
/* End PBXFrameworksBuildPhase section */

/* Begin PBXGroup section */
		D210388E1638D61000DE1E3B /* Application */ = {
			isa = PBXGroup;
			children = (
				D210388F1638D61000DE1E3B /* Categories */,
				D21038901638D61000DE1E3B /* GSAppDelegate.h */,
				D21038911638D61000DE1E3B /* GSAppDelegate.m */,
				D21038921638D61000DE1E3B /* GSEnvironment.h */,
				D21038931638D61000DE1E3B /* GSEnvironment.m */,
				D21038941638D61000DE1E3B /* Networking */,
				D21038971638D61000DE1E3B /* Protocols */,
				D21038981638D61000DE1E3B /* Resources */,
				D210389E1638D61000DE1E3B /* Supporting Files */,
			);
			name = Application;
			path = GivingSocially/Application;
			sourceTree = "<group>";
		};
		D210388F1638D61000DE1E3B /* Categories */ = {
			isa = PBXGroup;
			children = (
			);
			path = Categories;
			sourceTree = "<group>";
		};
		D21038941638D61000DE1E3B /* Networking */ = {
			isa = PBXGroup;
			children = (
				D21038951638D61000DE1E3B /* GSMappingProvider.h */,
				D21038961638D61000DE1E3B /* GSMappingProvider.m */,
				D270ED401638F047009560AD /* GSNetworkManager.h */,
				D270ED411638F047009560AD /* GSNetworkManager.m */,
			);
			path = Networking;
			sourceTree = "<group>";
		};
		D21038971638D61000DE1E3B /* Protocols */ = {
			isa = PBXGroup;
			children = (
			);
			path = Protocols;
			sourceTree = "<group>";
		};
		D21038981638D61000DE1E3B /* Resources */ = {
			isa = PBXGroup;
			children = (
				D21038991638D61000DE1E3B /* Images */,
			);
			path = Resources;
			sourceTree = "<group>";
		};
		D21038991638D61000DE1E3B /* Images */ = {
			isa = PBXGroup;
			children = (
				D210389A1638D61000DE1E3B /* Icons */,
			);
			path = Images;
			sourceTree = "<group>";
		};
		D210389A1638D61000DE1E3B /* Icons */ = {
			isa = PBXGroup;
			children = (
				D210389B1638D61000DE1E3B /* Default-568h@2x.png */,
				D210389C1638D61000DE1E3B /* Default.png */,
				D210389D1638D61000DE1E3B /* Default@2x.png */,
			);
			path = Icons;
			sourceTree = "<group>";
		};
		D210389E1638D61000DE1E3B /* Supporting Files */ = {
			isa = PBXGroup;
			children = (
				D210389F1638D61000DE1E3B /* InfoPlist.strings */,
				D21038A11638D61000DE1E3B /* GivingSocially-Info.plist */,
				D21038A21638D61000DE1E3B /* GivingSocially-Prefix.pch */,
				D21038A31638D61000DE1E3B /* main.m */,
			);
			path = "Supporting Files";
			sourceTree = "<group>";
		};
		D21038A41638D61000DE1E3B /* Controllers */ = {
			isa = PBXGroup;
			children = (
				D21038B51638D61000DE1E3B /* GSHomeViewController.h */,
				D21038B61638D61000DE1E3B /* GSHomeViewController.m */,
				D21038B71638D61000DE1E3B /* GSLoginViewController.h */,
				D21038B81638D61000DE1E3B /* GSLoginViewController.m */,
			);
			name = Controllers;
			path = GivingSocially/Controllers;
			sourceTree = "<group>";
		};
		D21038BD1638D61000DE1E3B /* Models */ = {
			isa = PBXGroup;
			children = (
				D270ED301638E01A009560AD /* GSDataModel.xcdatamodeld */,
				D21038BE1638D61000DE1E3B /* GSActivity.h */,
				D21038BF1638D61000DE1E3B /* GSActivity.m */,
				D21038C01638D61000DE1E3B /* GSContact.h */,
				D21038C11638D61000DE1E3B /* GSContact.m */,
				D21038C21638D61000DE1E3B /* GSGift.h */,
				D21038C31638D61000DE1E3B /* GSGift.m */,
				D21038C41638D61000DE1E3B /* GSGiftList.h */,
				D21038C51638D61000DE1E3B /* GSGiftList.m */,
				D21038C61638D61000DE1E3B /* GSUser.h */,
				D21038C71638D61000DE1E3B /* GSUser.m */,
				D21038C81638D61000DE1E3B /* Machine */,
			);
			name = Models;
			path = GivingSocially/Models;
			sourceTree = "<group>";
		};
		D21038C81638D61000DE1E3B /* Machine */ = {
			isa = PBXGroup;
			children = (
				D21038C91638D61000DE1E3B /* _GSActivity.h */,
				D21038CA1638D61000DE1E3B /* _GSActivity.m */,
				D21038CB1638D61000DE1E3B /* _GSGift.h */,
				D21038CC1638D61000DE1E3B /* _GSGift.m */,
				D21038CD1638D61000DE1E3B /* _GSGiftList.h */,
				D21038CE1638D61000DE1E3B /* _GSGiftList.m */,
				D21038CF1638D61000DE1E3B /* _GSUser.h */,
				D21038D01638D61000DE1E3B /* _GSUser.m */,
			);
			path = Machine;
			sourceTree = "<group>";
		};
		D21038D11638D61000DE1E3B /* Views */ = {
			isa = PBXGroup;
			children = (
				D21038D21638D61000DE1E3B /* GSAccountHeaderView.h */,
				D21038D31638D61000DE1E3B /* GSAccountHeaderView.m */,
				D21038D41638D61000DE1E3B /* GSAddFriendsViewController.xib */,
				D21038D51638D61000DE1E3B /* GSAddGiftImageView.h */,
				D21038D61638D61000DE1E3B /* GSAddGiftImageView.m */,
				D21038D71638D61000DE1E3B /* GSContactsViewController.xib */,
				D21038D81638D61000DE1E3B /* GSEmailInviteViewController.xib */,
				D21038D91638D61000DE1E3B /* GSGiftListView.h */,
				D21038DA1638D61000DE1E3B /* GSGiftListView.m */,
			);
			name = Views;
			path = GivingSocially/Views;
			sourceTree = "<group>";
		};
		D21038FF1638D61D00DE1E3B /* UnitTests */ = {
			isa = PBXGroup;
			children = (
				D24DACA2163DEBD30085AC3E /* API Tests */,
				D21039021638D61D00DE1E3B /* Supporting Files */,
			);
			name = UnitTests;
			path = "GivingSocially-UnitTests";
			sourceTree = "<group>";
		};
		D21039021638D61D00DE1E3B /* Supporting Files */ = {
			isa = PBXGroup;
			children = (
				D21039031638D61D00DE1E3B /* InfoPlist.strings */,
				D21039051638D61D00DE1E3B /* GivingSociallyTests-Info.plist */,
			);
			path = "Supporting Files";
			sourceTree = "<group>";
		};
		D24DAC74163DE8D00085AC3E /* Specta */ = {
			isa = PBXGroup;
			children = (
				D24DAC75163DE90A0085AC3E /* libSpecta-ios-universal.a */,
				D24DAC76163DE90A0085AC3E /* Specta.h */,
				D24DAC77163DE90A0085AC3E /* SpectaSupport.h */,
				D24DAC78163DE90A0085AC3E /* SpectaTypes.h */,
				D24DAC79163DE90A0085AC3E /* SPTExample.h */,
				D24DAC7A163DE90A0085AC3E /* SPTExampleGroup.h */,
				D24DAC7B163DE90A0085AC3E /* SPTSenTestCase.h */,
				D24DAC7C163DE90A0085AC3E /* SPTSenTestInvocation.h */,
				D24DAC7D163DE90A0085AC3E /* SPTSharedExampleGroups.h */,
				D24DAC7E163DE90A0085AC3E /* SPTSpec.h */,
			);
			name = Specta;
			sourceTree = "<group>";
		};
		D24DAC80163DE90E0085AC3E /* Expecta */ = {
			isa = PBXGroup;
			children = (
				D24DAC81163DE9230085AC3E /* EXPBackwardCompatibility.h */,
				D24DAC82163DE9230085AC3E /* EXPBlockDefinedMatcher.h */,
				D24DAC83163DE9230085AC3E /* EXPDefines.h */,
				D24DAC84163DE9230085AC3E /* EXPDoubleTuple.h */,
				D24DAC85163DE9230085AC3E /* Expecta.h */,
				D24DAC86163DE9230085AC3E /* ExpectaSupport.h */,
				D24DAC87163DE9230085AC3E /* EXPExpect.h */,
				D24DAC88163DE9230085AC3E /* EXPFloatTuple.h */,
				D24DAC89163DE9230085AC3E /* EXPMatcher.h */,
				D24DAC8A163DE9230085AC3E /* EXPMatcherHelpers.h */,
				D24DAC8B163DE9230085AC3E /* EXPMatchers.h */,
				D24DAC8C163DE9230085AC3E /* EXPMatchers+beCloseTo.h */,
				D24DAC8D163DE9230085AC3E /* EXPMatchers+beFalsy.h */,
				D24DAC8E163DE9230085AC3E /* EXPMatchers+beGreaterThan.h */,
				D24DAC8F163DE9230085AC3E /* EXPMatchers+beGreaterThanOrEqualTo.h */,
				D24DAC90163DE9230085AC3E /* EXPMatchers+beIdenticalTo.h */,
				D24DAC91163DE9230085AC3E /* EXPMatchers+beInstanceOf.h */,
				D24DAC92163DE9230085AC3E /* EXPMatchers+beInTheRangeOf.h */,
				D24DAC93163DE9230085AC3E /* EXPMatchers+beKindOf.h */,
				D24DAC94163DE9230085AC3E /* EXPMatchers+beLessThan.h */,
				D24DAC95163DE9230085AC3E /* EXPMatchers+beLessThanOrEqualTo.h */,
				D24DAC96163DE9230085AC3E /* EXPMatchers+beNil.h */,
				D24DAC97163DE9230085AC3E /* EXPMatchers+beSubclassOf.h */,
				D24DAC98163DE9230085AC3E /* EXPMatchers+beTruthy.h */,
				D24DAC99163DE9230085AC3E /* EXPMatchers+contain.h */,
				D24DAC9A163DE9230085AC3E /* EXPMatchers+equal.h */,
				D24DAC9B163DE9230085AC3E /* EXPMatchers+haveCountOf.h */,
				D24DAC9C163DE9230085AC3E /* EXPMatchers+raise.h */,
				D24DAC9D163DE9230085AC3E /* EXPUnsupportedObject.h */,
				D24DAC9E163DE9230085AC3E /* libExpecta-ios-universal.a */,
				D24DAC9F163DE9230085AC3E /* NSObject+Expecta.h */,
				D24DACA0163DE9230085AC3E /* NSValue+Expecta.h */,
			);
			name = Expecta;
			sourceTree = "<group>";
		};
		D24DACA2163DEBD30085AC3E /* API Tests */ = {
			isa = PBXGroup;
			children = (
				D24DACA3163DEBEB0085AC3E /* GSAPIUsersTests.m */,
			);
			name = "API Tests";
			sourceTree = "<group>";
		};
		D270ED0F1638DF2F009560AD /* Products */ = {
			isa = PBXGroup;
			children = (
				D270ED191638DF30009560AD /* libRestKit.a */,
				D270ED1B1638DF30009560AD /* RestKitTests.octest */,
				D270ED1D1638DF30009560AD /* RestKit.framework */,
				D270ED1F1638DF30009560AD /* RestKitFrameworkTests.octest */,
			);
			name = Products;
			sourceTree = "<group>";
		};
		D272B77F1638BD5800FF36E4 = {
			isa = PBXGroup;
			children = (
				D21038BD1638D61000DE1E3B /* Models */,
				D21038D11638D61000DE1E3B /* Views */,
				D21038A41638D61000DE1E3B /* Controllers */,
				D210388E1638D61000DE1E3B /* Application */,
				D21038FF1638D61D00DE1E3B /* UnitTests */,
				D29ED9E51638D661008FEC6B /* Libraries */,
				D272B78D1638BD5800FF36E4 /* Frameworks */,
				D272B78B1638BD5800FF36E4 /* Products */,
			);
			sourceTree = "<group>";
		};
		D272B78B1638BD5800FF36E4 /* Products */ = {
			isa = PBXGroup;
			children = (
				D272B78A1638BD5800FF36E4 /* GivingSocially.app */,
				D272B7AB1638BD5800FF36E4 /* GivingSociallyTests.octest */,
			);
			name = Products;
			sourceTree = "<group>";
		};
		D272B78D1638BD5800FF36E4 /* Frameworks */ = {
			isa = PBXGroup;
			children = (
				D24DAC64163DDEFB0085AC3E /* libz.dylib */,
				D24DAC62163DDE700085AC3E /* SystemConfiguration.framework */,
				D270ED0C1638DF10009560AD /* CoreData.framework */,
				D270ED0A1638DF0B009560AD /* Security.framework */,
				D270ED081638DF03009560AD /* MobileCoreServices.framework */,
				D270ED061638DEFD009560AD /* CFNetwork.framework */,
				D270ED041638DE34009560AD /* Social.framework */,
				D270ED021638DE2F009560AD /* Accounts.framework */,
				D270ED001638DE29009560AD /* AdSupport.framework */,
				D29ED9FD1638DCDF008FEC6B /* QuartzCore.framework */,
				D272B78E1638BD5800FF36E4 /* UIKit.framework */,
				D272B7901638BD5800FF36E4 /* Foundation.framework */,
				D272B7921638BD5800FF36E4 /* CoreGraphics.framework */,
				D272B7AC1638BD5800FF36E4 /* SenTestingKit.framework */,
			);
			name = Frameworks;
			sourceTree = "<group>";
		};
		D29ED9E51638D661008FEC6B /* Libraries */ = {
			isa = PBXGroup;
			children = (
				D24DAC80163DE90E0085AC3E /* Expecta */,
				D24DAC74163DE8D00085AC3E /* Specta */,
				D29ED9F91638DCC5008FEC6B /* ViewDeck */,
				D29ED9F81638DCBB008FEC6B /* FacebookSDK */,
				D29ED9F71638DCB8008FEC6B /* RestKit */,
				D29ED9EA1638DCB5008FEC6B /* Base64 Encoding */,
				D29ED9ED1638DCB5008FEC6B /* TestFlight */,
			);
			name = Libraries;
			sourceTree = "<group>";
		};
		D29ED9EA1638DCB5008FEC6B /* Base64 Encoding */ = {
			isa = PBXGroup;
			children = (
				D29ED9EB1638DCB5008FEC6B /* NSData+Base64.h */,
				D29ED9EC1638DCB5008FEC6B /* NSData+Base64.m */,
			);
			name = "Base64 Encoding";
			path = "Libraries/Base64 Encoding";
			sourceTree = "<group>";
		};
		D29ED9ED1638DCB5008FEC6B /* TestFlight */ = {
			isa = PBXGroup;
			children = (
				D29ED9EE1638DCB5008FEC6B /* libTestFlight.a */,
				D29ED9F11638DCB5008FEC6B /* TestFlight.h */,
			);
			name = TestFlight;
			path = Libraries/TestFlight;
			sourceTree = "<group>";
		};
		D29ED9F71638DCB8008FEC6B /* RestKit */ = {
			isa = PBXGroup;
			children = (
				D270ED0E1638DF2F009560AD /* RestKit.xcodeproj */,
			);
			name = RestKit;
			sourceTree = "<group>";
		};
		D29ED9F81638DCBB008FEC6B /* FacebookSDK */ = {
			isa = PBXGroup;
			children = (
				D270ECFE1638DE18009560AD /* FacebookSDKResources.bundle */,
				D270ECFB1638DDD4009560AD /* FacebookSDK.framework */,
			);
			name = FacebookSDK;
			sourceTree = "<group>";
		};
		D29ED9F91638DCC5008FEC6B /* ViewDeck */ = {
			isa = PBXGroup;
			children = (
				D29ED9FA1638DCD1008FEC6B /* IIViewDeckController.h */,
				D29ED9FB1638DCD1008FEC6B /* IIViewDeckController.m */,
			);
			name = ViewDeck;
			sourceTree = "<group>";
		};
/* End PBXGroup section */

/* Begin PBXNativeTarget section */
		D272B7891638BD5800FF36E4 /* GivingSocially */ = {
			isa = PBXNativeTarget;
			buildConfigurationList = D272B7BD1638BD5800FF36E4 /* Build configuration list for PBXNativeTarget "GivingSocially" */;
			buildPhases = (
				D272B7861638BD5800FF36E4 /* Sources */,
				D272B7871638BD5800FF36E4 /* Frameworks */,
				D272B7881638BD5800FF36E4 /* Resources */,
			);
			buildRules = (
			);
			dependencies = (
				D270ED211638DF43009560AD /* PBXTargetDependency */,
			);
			name = GivingSocially;
			productName = GivingSocially;
			productReference = D272B78A1638BD5800FF36E4 /* GivingSocially.app */;
			productType = "com.apple.product-type.application";
		};
		D272B7AA1638BD5800FF36E4 /* GivingSociallyTests */ = {
			isa = PBXNativeTarget;
			buildConfigurationList = D272B7C01638BD5800FF36E4 /* Build configuration list for PBXNativeTarget "GivingSociallyTests" */;
			buildPhases = (
				D272B7A61638BD5800FF36E4 /* Sources */,
				D272B7A71638BD5800FF36E4 /* Frameworks */,
				D272B7A81638BD5800FF36E4 /* Resources */,
				D272B7A91638BD5800FF36E4 /* ShellScript */,
			);
			buildRules = (
			);
			dependencies = (
				D272B7B11638BD5800FF36E4 /* PBXTargetDependency */,
			);
			name = GivingSociallyTests;
			productName = GivingSociallyTests;
			productReference = D272B7AB1638BD5800FF36E4 /* GivingSociallyTests.octest */;
			productType = "com.apple.product-type.bundle";
		};
/* End PBXNativeTarget section */

/* Begin PBXProject section */
		D272B7811638BD5800FF36E4 /* Project object */ = {
			isa = PBXProject;
			attributes = {
				CLASSPREFIX = GS;
				LastUpgradeCheck = 0450;
				ORGANIZATIONNAME = "Giving Socially";
			};
			buildConfigurationList = D272B7841638BD5800FF36E4 /* Build configuration list for PBXProject "GivingSocially" */;
			compatibilityVersion = "Xcode 3.2";
			developmentRegion = English;
			hasScannedForEncodings = 0;
			knownRegions = (
				en,
			);
			mainGroup = D272B77F1638BD5800FF36E4;
			productRefGroup = D272B78B1638BD5800FF36E4 /* Products */;
			projectDirPath = "";
			projectReferences = (
				{
					ProductGroup = D270ED0F1638DF2F009560AD /* Products */;
					ProjectRef = D270ED0E1638DF2F009560AD /* RestKit.xcodeproj */;
				},
			);
			projectRoot = "";
			targets = (
				D272B7891638BD5800FF36E4 /* GivingSocially */,
				D272B7AA1638BD5800FF36E4 /* GivingSociallyTests */,
			);
		};
/* End PBXProject section */

/* Begin PBXReferenceProxy section */
		D270ED191638DF30009560AD /* libRestKit.a */ = {
			isa = PBXReferenceProxy;
			fileType = archive.ar;
			path = libRestKit.a;
			remoteRef = D270ED181638DF30009560AD /* PBXContainerItemProxy */;
			sourceTree = BUILT_PRODUCTS_DIR;
		};
		D270ED1B1638DF30009560AD /* RestKitTests.octest */ = {
			isa = PBXReferenceProxy;
			fileType = wrapper.cfbundle;
			path = RestKitTests.octest;
			remoteRef = D270ED1A1638DF30009560AD /* PBXContainerItemProxy */;
			sourceTree = BUILT_PRODUCTS_DIR;
		};
		D270ED1D1638DF30009560AD /* RestKit.framework */ = {
			isa = PBXReferenceProxy;
			fileType = wrapper.framework;
			path = RestKit.framework;
			remoteRef = D270ED1C1638DF30009560AD /* PBXContainerItemProxy */;
			sourceTree = BUILT_PRODUCTS_DIR;
		};
		D270ED1F1638DF30009560AD /* RestKitFrameworkTests.octest */ = {
			isa = PBXReferenceProxy;
			fileType = wrapper.cfbundle;
			path = RestKitFrameworkTests.octest;
			remoteRef = D270ED1E1638DF30009560AD /* PBXContainerItemProxy */;
			sourceTree = BUILT_PRODUCTS_DIR;
		};
/* End PBXReferenceProxy section */

/* Begin PBXResourcesBuildPhase section */
		D272B7881638BD5800FF36E4 /* Resources */ = {
			isa = PBXResourcesBuildPhase;
			buildActionMask = 2147483647;
			files = (
				D21038DE1638D61000DE1E3B /* Default-568h@2x.png in Resources */,
				D21038DF1638D61000DE1E3B /* Default.png in Resources */,
				D21038E01638D61000DE1E3B /* Default@2x.png in Resources */,
				D21038E11638D61000DE1E3B /* InfoPlist.strings in Resources */,
				D21038FA1638D61000DE1E3B /* GSAddFriendsViewController.xib in Resources */,
				D21038FC1638D61000DE1E3B /* GSContactsViewController.xib in Resources */,
				D21038FD1638D61000DE1E3B /* GSEmailInviteViewController.xib in Resources */,
				D270ECFF1638DE18009560AD /* FacebookSDKResources.bundle in Resources */,
			);
			runOnlyForDeploymentPostprocessing = 0;
		};
		D272B7A81638BD5800FF36E4 /* Resources */ = {
			isa = PBXResourcesBuildPhase;
			buildActionMask = 2147483647;
			files = (
			);
			runOnlyForDeploymentPostprocessing = 0;
		};
/* End PBXResourcesBuildPhase section */

/* Begin PBXShellScriptBuildPhase section */
		D272B7A91638BD5800FF36E4 /* ShellScript */ = {
			isa = PBXShellScriptBuildPhase;
			buildActionMask = 2147483647;
			files = (
			);
			inputPaths = (
			);
			outputPaths = (
			);
			runOnlyForDeploymentPostprocessing = 0;
			shellPath = /bin/sh;
			shellScript = "# Run the unit tests in this test bundle.\n\"${SYSTEM_DEVELOPER_DIR}/Tools/RunUnitTests\"\n";
		};
/* End PBXShellScriptBuildPhase section */

/* Begin PBXSourcesBuildPhase section */
		D272B7861638BD5800FF36E4 /* Sources */ = {
			isa = PBXSourcesBuildPhase;
			buildActionMask = 2147483647;
			files = (
				D21038DB1638D61000DE1E3B /* GSAppDelegate.m in Sources */,
				D21038DC1638D61000DE1E3B /* GSEnvironment.m in Sources */,
				D21038DD1638D61000DE1E3B /* GSMappingProvider.m in Sources */,
				D21038E31638D61000DE1E3B /* main.m in Sources */,
				D21038ED1638D61000DE1E3B /* GSLoginViewController.m in Sources */,
				D21038F01638D61000DE1E3B /* GSActivity.m in Sources */,
				D21038F11638D61000DE1E3B /* GSContact.m in Sources */,
				D21038F21638D61000DE1E3B /* GSGift.m in Sources */,
				D21038F31638D61000DE1E3B /* GSGiftList.m in Sources */,
				D21038F41638D61000DE1E3B /* GSUser.m in Sources */,
				D21038F51638D61000DE1E3B /* _GSActivity.m in Sources */,
				D21038F61638D61000DE1E3B /* _GSGift.m in Sources */,
				D21038F71638D61000DE1E3B /* _GSGiftList.m in Sources */,
				D21038F81638D61000DE1E3B /* _GSUser.m in Sources */,
				D21038F91638D61000DE1E3B /* GSAccountHeaderView.m in Sources */,
				D21038FB1638D61000DE1E3B /* GSAddGiftImageView.m in Sources */,
				D21038FE1638D61000DE1E3B /* GSGiftListView.m in Sources */,
				D29ED9F21638DCB5008FEC6B /* NSData+Base64.m in Sources */,
				D29ED9FC1638DCD1008FEC6B /* IIViewDeckController.m in Sources */,
				D270ED321638E01A009560AD /* GSDataModel.xcdatamodeld in Sources */,
				D270ED421638F047009560AD /* GSNetworkManager.m in Sources */,
				D2ADDD6B163A17A7001DABF7 /* GSHomeViewController.m in Sources */,
			);
			runOnlyForDeploymentPostprocessing = 0;
		};
		D272B7A61638BD5800FF36E4 /* Sources */ = {
			isa = PBXSourcesBuildPhase;
			buildActionMask = 2147483647;
			files = (
				D24DACA4163DEBEB0085AC3E /* GSAPIUsersTests.m in Sources */,
			);
			runOnlyForDeploymentPostprocessing = 0;
		};
/* End PBXSourcesBuildPhase section */

/* Begin PBXTargetDependency section */
		D270ED211638DF43009560AD /* PBXTargetDependency */ = {
			isa = PBXTargetDependency;
			name = RestKit;
			targetProxy = D270ED201638DF43009560AD /* PBXContainerItemProxy */;
		};
		D272B7B11638BD5800FF36E4 /* PBXTargetDependency */ = {
			isa = PBXTargetDependency;
			target = D272B7891638BD5800FF36E4 /* GivingSocially */;
			targetProxy = D272B7B01638BD5800FF36E4 /* PBXContainerItemProxy */;
		};
/* End PBXTargetDependency section */

/* Begin PBXVariantGroup section */
		D210389F1638D61000DE1E3B /* InfoPlist.strings */ = {
			isa = PBXVariantGroup;
			children = (
				D21038A01638D61000DE1E3B /* en */,
			);
			name = InfoPlist.strings;
			sourceTree = "<group>";
		};
		D21039031638D61D00DE1E3B /* InfoPlist.strings */ = {
			isa = PBXVariantGroup;
			children = (
				D21039041638D61D00DE1E3B /* en */,
			);
			name = InfoPlist.strings;
			sourceTree = "<group>";
		};
/* End PBXVariantGroup section */

/* Begin XCBuildConfiguration section */
		D272B7BB1638BD5800FF36E4 /* Debug */ = {
			isa = XCBuildConfiguration;
			buildSettings = {
				ALWAYS_SEARCH_USER_PATHS = NO;
				CLANG_CXX_LANGUAGE_STANDARD = "gnu++0x";
				CLANG_CXX_LIBRARY = "libc++";
				CLANG_ENABLE_OBJC_ARC = YES;
				CLANG_WARN_EMPTY_BODY = YES;
				CLANG_WARN__DUPLICATE_METHOD_MATCH = YES;
				"CODE_SIGN_IDENTITY[sdk=iphoneos*]" = "iPhone Developer";
				COPY_PHASE_STRIP = NO;
				GCC_C_LANGUAGE_STANDARD = gnu99;
				GCC_DYNAMIC_NO_PIC = NO;
				GCC_OPTIMIZATION_LEVEL = 0;
				GCC_PREPROCESSOR_DEFINITIONS = (
					"DEBUG=1",
					"$(inherited)",
				);
				GCC_SYMBOLS_PRIVATE_EXTERN = NO;
				GCC_WARN_ABOUT_RETURN_TYPE = YES;
				GCC_WARN_UNINITIALIZED_AUTOS = YES;
				GCC_WARN_UNUSED_VARIABLE = YES;
				IPHONEOS_DEPLOYMENT_TARGET = 6.0;
				ONLY_ACTIVE_ARCH = YES;
				SDKROOT = iphoneos;
			};
			name = Debug;
		};
		D272B7BC1638BD5800FF36E4 /* Release */ = {
			isa = XCBuildConfiguration;
			buildSettings = {
				ALWAYS_SEARCH_USER_PATHS = NO;
				CLANG_CXX_LANGUAGE_STANDARD = "gnu++0x";
				CLANG_CXX_LIBRARY = "libc++";
				CLANG_ENABLE_OBJC_ARC = YES;
				CLANG_WARN_EMPTY_BODY = YES;
				CLANG_WARN__DUPLICATE_METHOD_MATCH = YES;
				"CODE_SIGN_IDENTITY[sdk=iphoneos*]" = "iPhone Developer";
				COPY_PHASE_STRIP = YES;
				GCC_C_LANGUAGE_STANDARD = gnu99;
				GCC_WARN_ABOUT_RETURN_TYPE = YES;
				GCC_WARN_UNINITIALIZED_AUTOS = YES;
				GCC_WARN_UNUSED_VARIABLE = YES;
				IPHONEOS_DEPLOYMENT_TARGET = 6.0;
				OTHER_CFLAGS = "-DNS_BLOCK_ASSERTIONS=1";
				SDKROOT = iphoneos;
				VALIDATE_PRODUCT = YES;
			};
			name = Release;
		};
		D272B7BE1638BD5800FF36E4 /* Debug */ = {
			isa = XCBuildConfiguration;
			buildSettings = {
				FRAMEWORK_SEARCH_PATHS = (
					"$(inherited)",
					"\"$(SRCROOT)/Libraries/FacebookSDK/build\"",
				);
				GCC_PRECOMPILE_PREFIX_HEADER = YES;
				GCC_PREFIX_HEADER = "GivingSocially/Application/Supporting Files/GivingSocially-Prefix.pch";
				HEADER_SEARCH_PATHS = "\"$(BUILT_PRODUCTS_DIR)/../../Headers\"";
				INFOPLIST_FILE = "GivingSocially/Application/Supporting Files/GivingSocially-Info.plist";
				IPHONEOS_DEPLOYMENT_TARGET = 6.0;
				LIBRARY_SEARCH_PATHS = (
					"$(inherited)",
					"\"$(SRCROOT)/Libraries/TestFlight\"",
				);
				OTHER_LDFLAGS = (
					"-lsqlite3.0",
					"-all_load",
					"-ObjC",
				);
				PRODUCT_NAME = "$(TARGET_NAME)";
				WRAPPER_EXTENSION = app;
			};
			name = Debug;
		};
		D272B7BF1638BD5800FF36E4 /* Release */ = {
			isa = XCBuildConfiguration;
			buildSettings = {
				FRAMEWORK_SEARCH_PATHS = (
					"$(inherited)",
					"\"$(SRCROOT)/Libraries/FacebookSDK/build\"",
				);
				GCC_PRECOMPILE_PREFIX_HEADER = YES;
				GCC_PREFIX_HEADER = "GivingSocially/Application/Supporting Files/GivingSocially-Prefix.pch";
				HEADER_SEARCH_PATHS = "\"$(BUILT_PRODUCTS_DIR)/../../Headers\"";
				INFOPLIST_FILE = "GivingSocially/Application/Supporting Files/GivingSocially-Info.plist";
				IPHONEOS_DEPLOYMENT_TARGET = 6.0;
				LIBRARY_SEARCH_PATHS = (
					"$(inherited)",
					"\"$(SRCROOT)/Libraries/TestFlight\"",
				);
				OTHER_LDFLAGS = (
					"-lsqlite3.0",
					"-all_load",
					"-ObjC",
				);
				PRODUCT_NAME = "$(TARGET_NAME)";
				WRAPPER_EXTENSION = app;
			};
			name = Release;
		};
		D272B7C11638BD5800FF36E4 /* Debug */ = {
			isa = XCBuildConfiguration;
			buildSettings = {
				BUNDLE_LOADER = "$(BUILT_PRODUCTS_DIR)/GivingSocially.app/GivingSocially";
				FRAMEWORK_SEARCH_PATHS = (
					"\"$(SDKROOT)/Developer/Library/Frameworks\"",
					"\"$(DEVELOPER_LIBRARY_DIR)/Frameworks\"",
				);
				GCC_PRECOMPILE_PREFIX_HEADER = YES;
				GCC_PREFIX_HEADER = "GivingSocially/Application/Supporting Files/GivingSocially-Prefix.pch";
				HEADER_SEARCH_PATHS = "\"$(BUILT_PRODUCTS_DIR)/../../Headers\"";
				INFOPLIST_FILE = "GivingSocially-UnitTests/Supporting Files/GivingSociallyTests-Info.plist";
				LIBRARY_SEARCH_PATHS = (
					"$(inherited)",
					"\"$(SRCROOT)/Libraries/Specta/products\"",
					"\"$(SRCROOT)/Libraries/Expecta/products\"",
				);
				OTHER_LDFLAGS = "-ObjC";
				PRODUCT_NAME = "$(TARGET_NAME)";
				TEST_HOST = "$(BUNDLE_LOADER)";
				WRAPPER_EXTENSION = octest;
			};
			name = Debug;
		};
		D272B7C21638BD5800FF36E4 /* Release */ = {
			isa = XCBuildConfiguration;
			buildSettings = {
				BUNDLE_LOADER = "$(BUILT_PRODUCTS_DIR)/GivingSocially.app/GivingSocially";
				FRAMEWORK_SEARCH_PATHS = (
					"\"$(SDKROOT)/Developer/Library/Frameworks\"",
					"\"$(DEVELOPER_LIBRARY_DIR)/Frameworks\"",
				);
				GCC_PRECOMPILE_PREFIX_HEADER = YES;
				GCC_PREFIX_HEADER = "GivingSocially/Application/Supporting Files/GivingSocially-Prefix.pch";
				HEADER_SEARCH_PATHS = "\"$(BUILT_PRODUCTS_DIR)/../../Headers\"";
				INFOPLIST_FILE = "GivingSocially-UnitTests/Supporting Files/GivingSociallyTests-Info.plist";
				LIBRARY_SEARCH_PATHS = (
					"$(inherited)",
					"\"$(SRCROOT)/Libraries/Specta/products\"",
					"\"$(SRCROOT)/Libraries/Expecta/products\"",
				);
				OTHER_LDFLAGS = "-ObjC";
				PRODUCT_NAME = "$(TARGET_NAME)";
				TEST_HOST = "$(BUNDLE_LOADER)";
				WRAPPER_EXTENSION = octest;
			};
			name = Release;
		};
/* End XCBuildConfiguration section */

/* Begin XCConfigurationList section */
		D272B7841638BD5800FF36E4 /* Build configuration list for PBXProject "GivingSocially" */ = {
			isa = XCConfigurationList;
			buildConfigurations = (
				D272B7BB1638BD5800FF36E4 /* Debug */,
				D272B7BC1638BD5800FF36E4 /* Release */,
			);
			defaultConfigurationIsVisible = 0;
			defaultConfigurationName = Release;
		};
		D272B7BD1638BD5800FF36E4 /* Build configuration list for PBXNativeTarget "GivingSocially" */ = {
			isa = XCConfigurationList;
			buildConfigurations = (
				D272B7BE1638BD5800FF36E4 /* Debug */,
				D272B7BF1638BD5800FF36E4 /* Release */,
			);
			defaultConfigurationIsVisible = 0;
			defaultConfigurationName = Release;
		};
		D272B7C01638BD5800FF36E4 /* Build configuration list for PBXNativeTarget "GivingSociallyTests" */ = {
			isa = XCConfigurationList;
			buildConfigurations = (
				D272B7C11638BD5800FF36E4 /* Debug */,
				D272B7C21638BD5800FF36E4 /* Release */,
			);
			defaultConfigurationIsVisible = 0;
			defaultConfigurationName = Release;
		};
/* End XCConfigurationList section */

/* Begin XCVersionGroup section */
		D270ED301638E01A009560AD /* GSDataModel.xcdatamodeld */ = {
			isa = XCVersionGroup;
			children = (
				D2A7E9EE163F9992004882C4 /* GSDataModel-001.xcdatamodel */,
				D270ED311638E01A009560AD /* GSDataModel.xcdatamodel */,
			);
			currentVersion = D2A7E9EE163F9992004882C4 /* GSDataModel-001.xcdatamodel */;
			path = GSDataModel.xcdatamodeld;
			sourceTree = "<group>";
			versionGroupType = wrapper.xcdatamodel;
		};
/* End XCVersionGroup section */
	};
	rootObject = D272B7811638BD5800FF36E4 /* Project object */;
}
